
Microsoft Visual Studio Solution File, Format Version 12.00
# Visual Studio Version 16
VisualStudioVersion = 16.0.31321.278
MinimumVisualStudioVersion = 10.0.40219.1
Project("{FAE04EC0-301F-11D3-BF4B-00C04F79EFBC}") = "addExe", "addExe.csproj", "{248AF138-AC01-4E26-BDE7-9D405716C9CC}"
EndProject
Global
	GlobalSection(SolutionConfigurationPlatforms) = preSolution
		Debug|Any CPU = Debug|Any CPU
		Release|Any CPU = Release|Any CPU
	EndGlobalSection
	GlobalSection(ProjectConfigurationPlatforms) = postSolution
		{248AF138-AC01-4E26-BDE7-9D405716C9CC}.Debug|Any CPU.ActiveCfg = Debug|Any CPU
		{248AF138-AC01-4E26-BDE7-9D405716C9CC}.Debug|Any CPU.Build.0 = Debug|Any CPU
		{248AF138-AC01-4E26-BDE7-9D405716C9CC}.Release|Any CPU.ActiveCfg = Release|Any CPU
		{248AF138-AC01-4E26-BDE7-9D405716C9CC}.Release|Any CPU.Build.0 = Release|Any CPU
	EndGlobalSection
	GlobalSection(SolutionProperties) = preSolution
		HideSolutionNode = FALSE
	EndGlobalSection
	GlobalSection(ExtensibilityGlobals) = postSolution
		SolutionGuid = {5B136A07-E2A3-4213-8543-21131BC295DF}
	EndGlobalSection
EndGlobal
